Microsoft Visual Studio Solution File, Format Version 12.00
# Visual Studio Version 17
VisualStudioVersion = 17.13.35825.156
MinimumVisualStudioVersion = 10.0.40219.1
Project("{FAE04EC0-301F-11D3-BF4B-00C04F79EFBC}") = "TN01-WFCadastroContato", "TN01-WFCadastroContato\TN01-WFCadastroContato.csproj", "{6F23140A-EB5A-4CDE-8971-5E76A731B5EA}"
EndProject
Global
	GlobalSection(SolutionConfigurationPlatforms) = preSolution
		Debug|Any CPU = Debug|Any CPU
		Release|Any CPU = Release|Any CPU
	EndGlobalSection
	GlobalSection(ProjectConfigurationPlatforms) = postSolution
		{6F23140A-EB5A-4CDE-8971-5E76A731B5EA}.Debug|Any CPU.ActiveCfg = Debug|Any CPU
		{6F23140A-EB5A-4CDE-8971-5E76A731B5EA}.Debug|Any CPU.Build.0 = Debug|Any CPU
		{6F23140A-EB5A-4CDE-8971-5E76A731B5EA}.Release|Any CPU.ActiveCfg = Release|Any CPU
		{6F23140A-EB5A-4CDE-8971-5E76A731B5EA}.Release|Any CPU.Build.0 = Release|Any CPU
	EndGlobalSection
	GlobalSection(SolutionProperties) = preSolution
		HideSolutionNode = FALSE
	EndGlobalSection
	GlobalSection(ExtensibilityGlobals) = postSolution
		SolutionGuid = {7A962B98-65E7-459C-AFC9-4DDB0551A3B8}
	EndGlobalSection
EndGlobal
